Microsoft Visual Studio Solution File, Format Version 12.00
# Visual Studio 2012
Project("{FAE04EC0-301F-11D3-BF4B-00C04F79EFBC}") = "MiningJam2023", "MiningJam2023.csproj", "{ED001BCE-584B-4F1D-8E4D-F9BD0A7AA855}"
EndProject
Global
	GlobalSection(SolutionConfigurationPlatforms) = preSolution
	Debug|Any CPU = Debug|Any CPU
	ExportDebug|Any CPU = ExportDebug|Any CPU
	ExportRelease|Any CPU = ExportRelease|Any CPU
	EndGlobalSection
	GlobalSection(ProjectConfigurationPlatforms) = postSolution
		{ED001BCE-584B-4F1D-8E4D-F9BD0A7AA855}.Debug|Any CPU.ActiveCfg = Debug|Any CPU
		{ED001BCE-584B-4F1D-8E4D-F9BD0A7AA855}.Debug|Any CPU.Build.0 = Debug|Any CPU
		{ED001BCE-584B-4F1D-8E4D-F9BD0A7AA855}.ExportDebug|Any CPU.ActiveCfg = ExportDebug|Any CPU
		{ED001BCE-584B-4F1D-8E4D-F9BD0A7AA855}.ExportDebug|Any CPU.Build.0 = ExportDebug|Any CPU
		{ED001BCE-584B-4F1D-8E4D-F9BD0A7AA855}.ExportRelease|Any CPU.ActiveCfg = ExportRelease|Any CPU
		{ED001BCE-584B-4F1D-8E4D-F9BD0A7AA855}.ExportRelease|Any CPU.Build.0 = ExportRelease|Any CPU
	EndGlobalSection
EndGlobal
